
Microsoft Visual Studio Solution File, Format Version 12.00
# Visual Studio Version 17
VisualStudioVersion = 17.5.33414.496
MinimumVisualStudioVersion = 10.0.40219.1
Project("{FAE04EC0-301F-11D3-BF4B-00C04F79EFBC}") = "Todo-AspNet(MVC)", "Todo-AspNet(MVC)\Todo-AspNet(MVC).csproj", "{FAB852A6-AC69-43EB-B7E9-1720C3C8BB76}"
EndProject
Global
	GlobalSection(SolutionConfigurationPlatforms) = preSolution
		Debug|Any CPU = Debug|Any CPU
		Release|Any CPU = Release|Any CPU
	EndGlobalSection
	GlobalSection(ProjectConfigurationPlatforms) = postSolution
		{FAB852A6-AC69-43EB-B7E9-1720C3C8BB76}.Debug|Any CPU.ActiveCfg = Debug|Any CPU
		{FAB852A6-AC69-43EB-B7E9-1720C3C8BB76}.Debug|Any CPU.Build.0 = Debug|Any CPU
		{FAB852A6-AC69-43EB-B7E9-1720C3C8BB76}.Release|Any CPU.ActiveCfg = Release|Any CPU
		{FAB852A6-AC69-43EB-B7E9-1720C3C8BB76}.Release|Any CPU.Build.0 = Release|Any CPU
	EndGlobalSection
	GlobalSection(SolutionProperties) = preSolution
		HideSolutionNode = FALSE
	EndGlobalSection
	GlobalSection(ExtensibilityGlobals) = postSolution
		SolutionGuid = {30375391-59BB-4F11-A69F-ADEE47E6E373}
	EndGlobalSection
EndGlobal
